# THIS IS AN AUTOGENERATED FILE. DO NOT EDIT THIS FILE DIRECTLY.
# yarn lockfile v1


vue-i18n@8:
  version "8.27.2"
  resolved "https://registry.yarnpkg.com/vue-i18n/-/vue-i18n-8.27.2.tgz#b649a65ff42b7d1a482679b732902f889965a068"
  integrity sha512-QVzn7u2WVH8F7eSKIM00lujC7x1mnuGPaTnDTmB01Hd709jDtB9kYtBqM+MWmp5AJRx3gnqAdZbee9MelqwFBg==
